// !$*UTF8*$!
{
	archiveVersion = 1;
	classes = {
	};
	objectVersion = 55;
	objects = {

/* Begin PBXBuildFile section */
		F3836A0F27BC25D00078C4CF /* Archival_EditorApp.swift in Sources */ = {isa = PBXBuildFile; fileRef = F3836A0E27BC25D00078C4CF /* Archival_EditorApp.swift */; };
		F3836A1127BC25D00078C4CF /* ContentView.swift in Sources */ = {isa = PBXBuildFile; fileRef = F3836A1027BC25D00078C4CF /* ContentView.swift */; };
		F3836A1327BC25D30078C4CF /* Assets.xcassets in Resources */ = {isa = PBXBuildFile; fileRef = F3836A1227BC25D30078C4CF /* Assets.xcassets */; };
		F3836A1627BC25D30078C4CF /* Preview Assets.xcassets in Resources */ = {isa = PBXBuildFile; fileRef = F3836A1527BC25D30078C4CF /* Preview Assets.xcassets */; };
		F3836A1827BC25D30078C4CF /* Persistence.swift in Sources */ = {isa = PBXBuildFile; fileRef = F3836A1727BC25D30078C4CF /* Persistence.swift */; };
		F3836A1B27BC25D30078C4CF /* Archival_Editor.xcdatamodeld in Sources */ = {isa = PBXBuildFile; fileRef = F3836A1927BC25D30078C4CF /* Archival_Editor.xcdatamodeld */; };
		F3836A2527BC25D40078C4CF /* Archival_EditorTests.swift in Sources */ = {isa = PBXBuildFile; fileRef = F3836A2427BC25D40078C4CF /* Archival_EditorTests.swift */; };
		F3836A2F27BC25D40078C4CF /* Archival_EditorUITests.swift in Sources */ = {isa = PBXBuildFile; fileRef = F3836A2E27BC25D40078C4CF /* Archival_EditorUITests.swift */; };
		F3836A3127BC25D40078C4CF /* Archival_EditorUITestsLaunchTests.swift in Sources */ = {isa = PBXBuildFile; fileRef = F3836A3027BC25D40078C4CF /* Archival_EditorUITestsLaunchTests.swift */; };
		F39EC18927BC731F001AD7B9 /* SwiftGit2 in Frameworks */ = {isa = PBXBuildFile; productRef = F39EC18827BC731F001AD7B9 /* SwiftGit2 */; };
		F39EC18B27BD932B001AD7B9 /* GitTests.swift in Sources */ = {isa = PBXBuildFile; fileRef = F39EC18A27BD932B001AD7B9 /* GitTests.swift */; };
		F3B3937627BC2E44003C1BB6 /* Git.swift in Sources */ = {isa = PBXBuildFile; fileRef = F3B3937527BC2E44003C1BB6 /* Git.swift */; };
/* End PBXBuildFile section */

/* Begin PBXContainerItemProxy section */
		F3836A2127BC25D40078C4CF /* PBXContainerItemProxy */ = {
			isa = PBXContainerItemProxy;
			containerPortal = F3836A0327BC25D00078C4CF /* Project object */;
			proxyType = 1;
			remoteGlobalIDString = F3836A0A27BC25D00078C4CF;
			remoteInfo = "Archival Editor";
		};
		F3836A2B27BC25D40078C4CF /* PBXContainerItemProxy */ = {
			isa = PBXContainerItemProxy;
			containerPortal = F3836A0327BC25D00078C4CF /* Project object */;
			proxyType = 1;
			remoteGlobalIDString = F3836A0A27BC25D00078C4CF;
			remoteInfo = "Archival Editor";
		};
/* End PBXContainerItemProxy section */

/* Begin PBXFileReference section */
		F3836A0B27BC25D00078C4CF /* Archival Editor.app */ = {isa = PBXFileReference; explicitFileType = wrapper.application; includeInIndex = 0; path = "Archival Editor.app"; sourceTree = BUILT_PRODUCTS_DIR; };
		F3836A0E27BC25D00078C4CF /* Archival_EditorApp.swift */ = {isa = PBXFileReference; lastKnownFileType = sourcecode.swift; path = Archival_EditorApp.swift; sourceTree = "<group>"; };
		F3836A1027BC25D00078C4CF /* ContentView.swift */ = {isa = PBXFileReference; lastKnownFileType = sourcecode.swift; path = ContentView.swift; sourceTree = "<group>"; };
		F3836A1227BC25D30078C4CF /* Assets.xcassets */ = {isa = PBXFileReference; lastKnownFileType = folder.assetcatalog; path = Assets.xcassets; sourceTree = "<group>"; };
		F3836A1527BC25D30078C4CF /* Preview Assets.xcassets */ = {isa = PBXFileReference; lastKnownFileType = folder.assetcatalog; path = "Preview Assets.xcassets"; sourceTree = "<group>"; };
		F3836A1727BC25D30078C4CF /* Persistence.swift */ = {isa = PBXFileReference; lastKnownFileType = sourcecode.swift; path = Persistence.swift; sourceTree = "<group>"; };
		F3836A1A27BC25D30078C4CF /* Archival_Editor.xcdatamodel */ = {isa = PBXFileReference; lastKnownFileType = wrapper.xcdatamodel; path = Archival_Editor.xcdatamodel; sourceTree = "<group>"; };
		F3836A2027BC25D40078C4CF /* Archival EditorTests.xctest */ = {isa = PBXFileReference; explicitFileType = wrapper.cfbundle; includeInIndex = 0; path = "Archival EditorTests.xctest"; sourceTree = BUILT_PRODUCTS_DIR; };
		F3836A2427BC25D40078C4CF /* Archival_EditorTests.swift */ = {isa = PBXFileReference; lastKnownFileType = sourcecode.swift; path = Archival_EditorTests.swift; sourceTree = "<group>"; };
		F3836A2A27BC25D40078C4CF /* Archival EditorUITests.xctest */ = {isa = PBXFileReference; explicitFileType = wrapper.cfbundle; includeInIndex = 0; path = "Archival EditorUITests.xctest"; sourceTree = BUILT_PRODUCTS_DIR; };
		F3836A2E27BC25D40078C4CF /* Archival_EditorUITests.swift */ = {isa = PBXFileReference; lastKnownFileType = sourcecode.swift; path = Archival_EditorUITests.swift; sourceTree = "<group>"; };
		F3836A3027BC25D40078C4CF /* Archival_EditorUITestsLaunchTests.swift */ = {isa = PBXFileReference; lastKnownFileType = sourcecode.swift; path = Archival_EditorUITestsLaunchTests.swift; sourceTree = "<group>"; };
		F39EC18A27BD932B001AD7B9 /* GitTests.swift */ = {isa = PBXFileReference; lastKnownFileType = sourcecode.swift; path = GitTests.swift; sourceTree = "<group>"; };
		F3B3937527BC2E44003C1BB6 /* Git.swift */ = {isa = PBXFileReference; lastKnownFileType = sourcecode.swift; path = Git.swift; sourceTree = "<group>"; };
/* End PBXFileReference section */

/* Begin PBXFrameworksBuildPhase section */
		F3836A0827BC25D00078C4CF /* Frameworks */ = {
			isa = PBXFrameworksBuildPhase;
			buildActionMask = 2147483647;
			files = (
				F39EC18927BC731F001AD7B9 /* SwiftGit2 in Frameworks */,
			);
			runOnlyForDeploymentPostprocessing = 0;
		};
		F3836A1D27BC25D40078C4CF /* Frameworks */ = {
			isa = PBXFrameworksBuildPhase;
			buildActionMask = 2147483647;
			files = (
			);
			runOnlyForDeploymentPostprocessing = 0;
		};
		F3836A2727BC25D40078C4CF /* Frameworks */ = {
			isa = PBXFrameworksBuildPhase;
			buildActionMask = 2147483647;
			files = (
			);
			runOnlyForDeploymentPostprocessing = 0;
		};
/* End PBXFrameworksBuildPhase section */

/* Begin PBXGroup section */
		F3836A0227BC25D00078C4CF = {
			isa = PBXGroup;
			children = (
				F3836A0D27BC25D00078C4CF /* Archival Editor */,
				F3836A2327BC25D40078C4CF /* Archival EditorTests */,
				F3836A2D27BC25D40078C4CF /* Archival EditorUITests */,
				F3836A0C27BC25D00078C4CF /* Products */,
			);
			sourceTree = "<group>";
		};
		F3836A0C27BC25D00078C4CF /* Products */ = {
			isa = PBXGroup;
			children = (
				F3836A0B27BC25D00078C4CF /* Archival Editor.app */,
				F3836A2027BC25D40078C4CF /* Archival EditorTests.xctest */,
				F3836A2A27BC25D40078C4CF /* Archival EditorUITests.xctest */,
			);
			name = Products;
			sourceTree = "<group>";
		};
		F3836A0D27BC25D00078C4CF /* Archival Editor */ = {
			isa = PBXGroup;
			children = (
				F3836A0E27BC25D00078C4CF /* Archival_EditorApp.swift */,
				F3836A1027BC25D00078C4CF /* ContentView.swift */,
				F3836A1227BC25D30078C4CF /* Assets.xcassets */,
				F3836A1727BC25D30078C4CF /* Persistence.swift */,
				F3836A1927BC25D30078C4CF /* Archival_Editor.xcdatamodeld */,
				F3836A1427BC25D30078C4CF /* Preview Content */,
				F3B3937527BC2E44003C1BB6 /* Git.swift */,
			);
			path = "Archival Editor";
			sourceTree = "<group>";
		};
		F3836A1427BC25D30078C4CF /* Preview Content */ = {
			isa = PBXGroup;
			children = (
				F3836A1527BC25D30078C4CF /* Preview Assets.xcassets */,
			);
			path = "Preview Content";
			sourceTree = "<group>";
		};
		F3836A2327BC25D40078C4CF /* Archival EditorTests */ = {
			isa = PBXGroup;
			children = (
				F3836A2427BC25D40078C4CF /* Archival_EditorTests.swift */,
				F39EC18A27BD932B001AD7B9 /* GitTests.swift */,
			);
			path = "Archival EditorTests";
			sourceTree = "<group>";
		};
		F3836A2D27BC25D40078C4CF /* Archival EditorUITests */ = {
			isa = PBXGroup;
			children = (
				F3836A2E27BC25D40078C4CF /* Archival_EditorUITests.swift */,
				F3836A3027BC25D40078C4CF /* Archival_EditorUITestsLaunchTests.swift */,
			);
			path = "Archival EditorUITests";
			sourceTree = "<group>";
		};
/* End PBXGroup section */

/* Begin PBXNativeTarget section */
		F3836A0A27BC25D00078C4CF /* Archival Editor */ = {
			isa = PBXNativeTarget;
			buildConfigurationList = F3836A3427BC25D40078C4CF /* Build configuration list for PBXNativeTarget "Archival Editor" */;
			buildPhases = (
				F3836A0727BC25D00078C4CF /* Sources */,
				F3836A0827BC25D00078C4CF /* Frameworks */,
				F3836A0927BC25D00078C4CF /* Resources */,
			);
			buildRules = (
			);
			dependencies = (
			);
			name = "Archival Editor";
			packageProductDependencies = (
				F39EC18827BC731F001AD7B9 /* SwiftGit2 */,
			);
			productName = "Archival Editor";
			productReference = F3836A0B27BC25D00078C4CF /* Archival Editor.app */;
			productType = "com.apple.product-type.application";
		};
		F3836A1F27BC25D40078C4CF /* Archival EditorTests */ = {
			isa = PBXNativeTarget;
			buildConfigurationList = F3836A3727BC25D40078C4CF /* Build configuration list for PBXNativeTarget "Archival EditorTests" */;
			buildPhases = (
				F3836A1C27BC25D40078C4CF /* Sources */,
				F3836A1D27BC25D40078C4CF /* Frameworks */,
				F3836A1E27BC25D40078C4CF /* Resources */,
			);
			buildRules = (
			);
			dependencies = (
				F3836A2227BC25D40078C4CF /* PBXTargetDependency */,
			);
			name = "Archival EditorTests";
			productName = "Archival EditorTests";
			productReference = F3836A2027BC25D40078C4CF /* Archival EditorTests.xctest */;
			productType = "com.apple.product-type.bundle.unit-test";
		};
		F3836A2927BC25D40078C4CF /* Archival EditorUITests */ = {
			isa = PBXNativeTarget;
			buildConfigurationList = F3836A3A27BC25D40078C4CF /* Build configuration list for PBXNativeTarget "Archival EditorUITests" */;
			buildPhases = (
				F3836A2627BC25D40078C4CF /* Sources */,
				F3836A2727BC25D40078C4CF /* Frameworks */,
				F3836A2827BC25D40078C4CF /* Resources */,
			);
			buildRules = (
			);
			dependencies = (
				F3836A2C27BC25D40078C4CF /* PBXTargetDependency */,
			);
			name = "Archival EditorUITests";
			productName = "Archival EditorUITests";
			productReference = F3836A2A27BC25D40078C4CF /* Archival EditorUITests.xctest */;
			productType = "com.apple.product-type.bundle.ui-testing";
		};
/* End PBXNativeTarget section */

/* Begin PBXProject section */
		F3836A0327BC25D00078C4CF /* Project object */ = {
			isa = PBXProject;
			attributes = {
				BuildIndependentTargetsInParallel = 1;
				LastSwiftUpdateCheck = 1320;
				LastUpgradeCheck = 1320;
				TargetAttributes = {
					F3836A0A27BC25D00078C4CF = {
						CreatedOnToolsVersion = 13.2.1;
					};
					F3836A1F27BC25D40078C4CF = {
						CreatedOnToolsVersion = 13.2.1;
						TestTargetID = F3836A0A27BC25D00078C4CF;
					};
					F3836A2927BC25D40078C4CF = {
						CreatedOnToolsVersion = 13.2.1;
						TestTargetID = F3836A0A27BC25D00078C4CF;
					};
				};
			};
			buildConfigurationList = F3836A0627BC25D00078C4CF /* Build configuration list for PBXProject "Archival Editor" */;
			compatibilityVersion = "Xcode 13.0";
			developmentRegion = en;
			hasScannedForEncodings = 0;
			knownRegions = (
				en,
				Base,
			);
			mainGroup = F3836A0227BC25D00078C4CF;
			packageReferences = (
				F3B3937427BC2CEE003C1BB6 /* XCRemoteSwiftPackageReference "TOMLKit" */,
				F3B3937727BC31F2003C1BB6 /* XCRemoteSwiftPackageReference "Clibgit2" */,
				F39EC18727BC731F001AD7B9 /* XCRemoteSwiftPackageReference "SwiftGit2" */,
			);
			productRefGroup = F3836A0C27BC25D00078C4CF /* Products */;
			projectDirPath = "";
			projectRoot = "";
			targets = (
				F3836A0A27BC25D00078C4CF /* Archival Editor */,
				F3836A1F27BC25D40078C4CF /* Archival EditorTests */,
				F3836A2927BC25D40078C4CF /* Archival EditorUITests */,
			);
		};
/* End PBXProject section */

/* Begin PBXResourcesBuildPhase section */
		F3836A0927BC25D00078C4CF /* Resources */ = {
			isa = PBXResourcesBuildPhase;
			buildActionMask = 2147483647;
			files = (
				F3836A1627BC25D30078C4CF /* Preview Assets.xcassets in Resources */,
				F3836A1327BC25D30078C4CF /* Assets.xcassets in Resources */,
			);
			runOnlyForDeploymentPostprocessing = 0;
		};
		F3836A1E27BC25D40078C4CF /* Resources */ = {
			isa = PBXResourcesBuildPhase;
			buildActionMask = 2147483647;
			files = (
			);
			runOnlyForDeploymentPostprocessing = 0;
		};
		F3836A2827BC25D40078C4CF /* Resources */ = {
			isa = PBXResourcesBuildPhase;
			buildActionMask = 2147483647;
			files = (
			);
			runOnlyForDeploymentPostprocessing = 0;
		};
/* End PBXResourcesBuildPhase section */

/* Begin PBXSourcesBuildPhase section */
		F3836A0727BC25D00078C4CF /* Sources */ = {
			isa = PBXSourcesBuildPhase;
			buildActionMask = 2147483647;
			files = (
				F3836A1B27BC25D30078C4CF /* Archival_Editor.xcdatamodeld in Sources */,
				F3836A1827BC25D30078C4CF /* Persistence.swift in Sources */,
				F3836A1127BC25D00078C4CF /* ContentView.swift in Sources */,
				F3836A0F27BC25D00078C4CF /* Archival_EditorApp.swift in Sources */,
				F3B3937627BC2E44003C1BB6 /* Git.swift in Sources */,
			);
			runOnlyForDeploymentPostprocessing = 0;
		};
		F3836A1C27BC25D40078C4CF /* Sources */ = {
			isa = PBXSourcesBuildPhase;
			buildActionMask = 2147483647;
			files = (
				F39EC18B27BD932B001AD7B9 /* GitTests.swift in Sources */,
				F3836A2527BC25D40078C4CF /* Archival_EditorTests.swift in Sources */,
			);
			runOnlyForDeploymentPostprocessing = 0;
		};
		F3836A2627BC25D40078C4CF /* Sources */ = {
			isa = PBXSourcesBuildPhase;
			buildActionMask = 2147483647;
			files = (
				F3836A2F27BC25D40078C4CF /* Archival_EditorUITests.swift in Sources */,
				F3836A3127BC25D40078C4CF /* Archival_EditorUITestsLaunchTests.swift in Sources */,
			);
			runOnlyForDeploymentPostprocessing = 0;
		};
/* End PBXSourcesBuildPhase section */

/* Begin PBXTargetDependency section */
		F3836A2227BC25D40078C4CF /* PBXTargetDependency */ = {
			isa = PBXTargetDependency;
			target = F3836A0A27BC25D00078C4CF /* Archival Editor */;
			targetProxy = F3836A2127BC25D40078C4CF /* PBXContainerItemProxy */;
		};
		F3836A2C27BC25D40078C4CF /* PBXTargetDependency */ = {
			isa = PBXTargetDependency;
			target = F3836A0A27BC25D00078C4CF /* Archival Editor */;
			targetProxy = F3836A2B27BC25D40078C4CF /* PBXContainerItemProxy */;
		};
/* End PBXTargetDependency section */

/* Begin XCBuildConfiguration section */
		F3836A3227BC25D40078C4CF /* Debug */ = {
			isa = XCBuildConfiguration;
			buildSettings = {
				ALWAYS_SEARCH_USER_PATHS = NO;
				CLANG_ANALYZER_NONNULL = YES;
				CLANG_ANALYZER_NUMBER_OBJECT_CONVERSION = YES_AGGRESSIVE;
				CLANG_CXX_LANGUAGE_STANDARD = "gnu++17";
				CLANG_CXX_LIBRARY = "libc++";
				CLANG_ENABLE_MODULES = YES;
				CLANG_ENABLE_OBJC_ARC = YES;
				CLANG_ENABLE_OBJC_WEAK = YES;
				CLANG_WARN_BLOCK_CAPTURE_AUTORELEASING = YES;
				CLANG_WARN_BOOL_CONVERSION = YES;
				CLANG_WARN_COMMA = YES;
				CLANG_WARN_CONSTANT_CONVERSION = YES;
				CLANG_WARN_DEPRECATED_OBJC_IMPLEMENTATIONS = YES;
				CLANG_WARN_DIRECT_OBJC_ISA_USAGE = YES_ERROR;
				CLANG_WARN_DOCUMENTATION_COMMENTS = YES;
				CLANG_WARN_EMPTY_BODY = YES;
				CLANG_WARN_ENUM_CONVERSION = YES;
				CLANG_WARN_INFINITE_RECURSION = YES;
				CLANG_WARN_INT_CONVERSION = YES;
				CLANG_WARN_NON_LITERAL_NULL_CONVERSION = YES;
				CLANG_WARN_OBJC_IMPLICIT_RETAIN_SELF = YES;
				CLANG_WARN_OBJC_LITERAL_CONVERSION = YES;
				CLANG_WARN_OBJC_ROOT_CLASS = YES_ERROR;
				CLANG_WARN_QUOTED_INCLUDE_IN_FRAMEWORK_HEADER = YES;
				CLANG_WARN_RANGE_LOOP_ANALYSIS = YES;
				CLANG_WARN_STRICT_PROTOTYPES = YES;
				CLANG_WARN_SUSPICIOUS_MOVE = YES;
				CLANG_WARN_UNGUARDED_AVAILABILITY = YES_AGGRESSIVE;
				CLANG_WARN_UNREACHABLE_CODE = YES;
				CLANG_WARN__DUPLICATE_METHOD_MATCH = YES;
				COPY_PHASE_STRIP = NO;
				DEBUG_INFORMATION_FORMAT = dwarf;
				ENABLE_STRICT_OBJC_MSGSEND = YES;
				ENABLE_TESTABILITY = YES;
				GCC_C_LANGUAGE_STANDARD = gnu11;
				GCC_DYNAMIC_NO_PIC = NO;
				GCC_NO_COMMON_BLOCKS = YES;
				GCC_OPTIMIZATION_LEVEL = 0;
				GCC_PREPROCESSOR_DEFINITIONS = (
					"DEBUG=1",
					"$(inherited)",
				);
				GCC_WARN_64_TO_32_BIT_CONVERSION = YES;
				GCC_WARN_ABOUT_RETURN_TYPE = YES_ERROR;
				GCC_WARN_UNDECLARED_SELECTOR = YES;
				GCC_WARN_UNINITIALIZED_AUTOS = YES_AGGRESSIVE;
				GCC_WARN_UNUSED_FUNCTION = YES;
				GCC_WARN_UNUSED_VARIABLE = YES;
				IPHONEOS_DEPLOYMENT_TARGET = 15.2;
				MTL_ENABLE_DEBUG_INFO = INCLUDE_SOURCE;
				MTL_FAST_MATH = YES;
				ONLY_ACTIVE_ARCH = YES;
				OTHER_LDFLAGS = (
					"-lz",
					"-liconv",
				);
				SDKROOT = iphoneos;
				SWIFT_ACTIVE_COMPILATION_CONDITIONS = DEBUG;
				SWIFT_OPTIMIZATION_LEVEL = "-Onone";
			};
			name = Debug;
		};
		F3836A3327BC25D40078C4CF /* Release */ = {
			isa = XCBuildConfiguration;
			buildSettings = {
				ALWAYS_SEARCH_USER_PATHS = NO;
				CLANG_ANALYZER_NONNULL = YES;
				CLANG_ANALYZER_NUMBER_OBJECT_CONVERSION = YES_AGGRESSIVE;
				CLANG_CXX_LANGUAGE_STANDARD = "gnu++17";
				CLANG_CXX_LIBRARY = "libc++";
				CLANG_ENABLE_MODULES = YES;
				CLANG_ENABLE_OBJC_ARC = YES;
				CLANG_ENABLE_OBJC_WEAK = YES;
				CLANG_WARN_BLOCK_CAPTURE_AUTORELEASING = YES;
				CLANG_WARN_BOOL_CONVERSION = YES;
				CLANG_WARN_COMMA = YES;
				CLANG_WARN_CONSTANT_CONVERSION = YES;
				CLANG_WARN_DEPRECATED_OBJC_IMPLEMENTATIONS = YES;
				CLANG_WARN_DIRECT_OBJC_ISA_USAGE = YES_ERROR;
				CLANG_WARN_DOCUMENTATION_COMMENTS = YES;
				CLANG_WARN_EMPTY_BODY = YES;
				CLANG_WARN_ENUM_CONVERSION = YES;
				CLANG_WARN_INFINITE_RECURSION = YES;
				CLANG_WARN_INT_CONVERSION = YES;
				CLANG_WARN_NON_LITERAL_NULL_CONVERSION = YES;
				CLANG_WARN_OBJC_IMPLICIT_RETAIN_SELF = YES;
				CLANG_WARN_OBJC_LITERAL_CONVERSION = YES;
				CLANG_WARN_OBJC_ROOT_CLASS = YES_ERROR;
				CLANG_WARN_QUOTED_INCLUDE_IN_FRAMEWORK_HEADER = YES;
				CLANG_WARN_RANGE_LOOP_ANALYSIS = YES;
				CLANG_WARN_STRICT_PROTOTYPES = YES;
				CLANG_WARN_SUSPICIOUS_MOVE = YES;
				CLANG_WARN_UNGUARDED_AVAILABILITY = YES_AGGRESSIVE;
				CLANG_WARN_UNREACHABLE_CODE = YES;
				CLANG_WARN__DUPLICATE_METHOD_MATCH = YES;
				COPY_PHASE_STRIP = NO;
				DEBUG_INFORMATION_FORMAT = "dwarf-with-dsym";
				ENABLE_NS_ASSERTIONS = NO;
				ENABLE_STRICT_OBJC_MSGSEND = YES;
				GCC_C_LANGUAGE_STANDARD = gnu11;
				GCC_NO_COMMON_BLOCKS = YES;
				GCC_WARN_64_TO_32_BIT_CONVERSION = YES;
				GCC_WARN_ABOUT_RETURN_TYPE = YES_ERROR;
				GCC_WARN_UNDECLARED_SELECTOR = YES;
				GCC_WARN_UNINITIALIZED_AUTOS = YES_AGGRESSIVE;
				GCC_WARN_UNUSED_FUNCTION = YES;
				GCC_WARN_UNUSED_VARIABLE = YES;
				IPHONEOS_DEPLOYMENT_TARGET = 15.2;
				MTL_ENABLE_DEBUG_INFO = NO;
				MTL_FAST_MATH = YES;
				OTHER_LDFLAGS = (
					"-lz",
					"-liconv",
				);
				SDKROOT = iphoneos;
				SWIFT_COMPILATION_MODE = wholemodule;
				SWIFT_OPTIMIZATION_LEVEL = "-O";
				VALIDATE_PRODUCT = YES;
			};
			name = Release;
		};
		F3836A3527BC25D40078C4CF /* Debug */ = {
			isa = XCBuildConfiguration;
			buildSettings = {
				ASSETCATALOG_COMPILER_APPICON_NAME = AppIcon;
				ASSETCATALOG_COMPILER_GLOBAL_ACCENT_COLOR_NAME = AccentColor;
				CODE_SIGN_STYLE = Automatic;
				CURRENT_PROJECT_VERSION = 1;
				DEVELOPMENT_ASSET_PATHS = "\"Archival Editor/Preview Content\"";
				DEVELOPMENT_TEAM = 9E22QU7D5A;
				ENABLE_PREVIEWS = YES;
				GENERATE_INFOPLIST_FILE = YES;
				INFOPLIST_KEY_UIApplicationSceneManifest_Generation = YES;
				INFOPLIST_KEY_UIApplicationSupportsIndirectInputEvents = YES;
				INFOPLIST_KEY_UILaunchScreen_Generation = YES;
				INFOPLIST_KEY_UISupportedInterfaceOrientations_iPad = "UIInterfaceOrientationPortrait UIInterfaceOrientationPortraitUpsideDown UIInterfaceOrientationLandscapeLeft UIInterfaceOrientationLandscapeRight";
				INFOPLIST_KEY_UISupportedInterfaceOrientations_iPhone = "UIInterfaceOrientationPortrait UIInterfaceOrientationLandscapeLeft UIInterfaceOrientationLandscapeRight";
				LD_RUNPATH_SEARCH_PATHS = (
					"$(inherited)",
					"@executable_path/Frameworks",
				);
				MARKETING_VERSION = 1.0;
				PRODUCT_BUNDLE_IDENTIFIER = "com.jesseditson.Archival-Editor";
				PRODUCT_NAME = "$(TARGET_NAME)";
				SWIFT_EMIT_LOC_STRINGS = YES;
				SWIFT_VERSION = 5.0;
				TARGETED_DEVICE_FAMILY = "1,2";
			};
			name = Debug;
		};
		F3836A3627BC25D40078C4CF /* Release */ = {
			isa = XCBuildConfiguration;
			buildSettings = {
				ASSETCATALOG_COMPILER_APPICON_NAME = AppIcon;
				ASSETCATALOG_COMPILER_GLOBAL_ACCENT_COLOR_NAME = AccentColor;
				CODE_SIGN_STYLE = Automatic;
				CURRENT_PROJECT_VERSION = 1;
				DEVELOPMENT_ASSET_PATHS = "\"Archival Editor/Preview Content\"";
				DEVELOPMENT_TEAM = 9E22QU7D5A;
				ENABLE_PREVIEWS = YES;
				GENERATE_INFOPLIST_FILE = YES;
				INFOPLIST_KEY_UIApplicationSceneManifest_Generation = YES;
				INFOPLIST_KEY_UIApplicationSupportsIndirectInputEvents = YES;
				INFOPLIST_KEY_UILaunchScreen_Generation = YES;
				INFOPLIST_KEY_UISupportedInterfaceOrientations_iPad = "UIInterfaceOrientationPortrait UIInterfaceOrientationPortraitUpsideDown UIInterfaceOrientationLandscapeLeft UIInterfaceOrientationLandscapeRight";
				INFOPLIST_KEY_UISupportedInterfaceOrientations_iPhone = "UIInterfaceOrientationPortrait UIInterfaceOrientationLandscapeLeft UIInterfaceOrientationLandscapeRight";
				LD_RUNPATH_SEARCH_PATHS = (
					"$(inherited)",
					"@executable_path/Frameworks",
				);
				MARKETING_VERSION = 1.0;
				PRODUCT_BUNDLE_IDENTIFIER = "com.jesseditson.Archival-Editor";
				PRODUCT_NAME = "$(TARGET_NAME)";
				SWIFT_EMIT_LOC_STRINGS = YES;
				SWIFT_VERSION = 5.0;
				TARGETED_DEVICE_FAMILY = "1,2";
			};
			name = Release;
		};
		F3836A3827BC25D40078C4CF /* Debug */ = {
			isa = XCBuildConfiguration;
			buildSettings = {
				ALWAYS_EMBED_SWIFT_STANDARD_LIBRARIES = YES;
				BUNDLE_LOADER = "$(TEST_HOST)";
				CODE_SIGN_STYLE = Automatic;
				CURRENT_PROJECT_VERSION = 1;
				DEVELOPMENT_TEAM = 9E22QU7D5A;
				GENERATE_INFOPLIST_FILE = YES;
				IPHONEOS_DEPLOYMENT_TARGET = 15.2;
				MARKETING_VERSION = 1.0;
				PRODUCT_BUNDLE_IDENTIFIER = "com.jesseditson.Archival-EditorTests";
				PRODUCT_NAME = "$(TARGET_NAME)";
				SWIFT_EMIT_LOC_STRINGS = NO;
				SWIFT_VERSION = 5.0;
				TARGETED_DEVICE_FAMILY = "1,2";
				TEST_HOST = "$(BUILT_PRODUCTS_DIR)/Archival Editor.app/Archival Editor";
			};
			name = Debug;
		};
		F3836A3927BC25D40078C4CF /* Release */ = {
			isa = XCBuildConfiguration;
			buildSettings = {
				ALWAYS_EMBED_SWIFT_STANDARD_LIBRARIES = YES;
				BUNDLE_LOADER = "$(TEST_HOST)";
				CODE_SIGN_STYLE = Automatic;
				CURRENT_PROJECT_VERSION = 1;
				DEVELOPMENT_TEAM = 9E22QU7D5A;
				GENERATE_INFOPLIST_FILE = YES;
				IPHONEOS_DEPLOYMENT_TARGET = 15.2;
				MARKETING_VERSION = 1.0;
				PRODUCT_BUNDLE_IDENTIFIER = "com.jesseditson.Archival-EditorTests";
				PRODUCT_NAME = "$(TARGET_NAME)";
				SWIFT_EMIT_LOC_STRINGS = NO;
				SWIFT_VERSION = 5.0;
				TARGETED_DEVICE_FAMILY = "1,2";
				TEST_HOST = "$(BUILT_PRODUCTS_DIR)/Archival Editor.app/Archival Editor";
			};
			name = Release;
		};
		F3836A3B27BC25D40078C4CF /* Debug */ = {
			isa = XCBuildConfiguration;
			buildSettings = {
				ALWAYS_EMBED_SWIFT_STANDARD_LIBRARIES = YES;
				CODE_SIGN_STYLE = Automatic;
				CURRENT_PROJECT_VERSION = 1;
				DEVELOPMENT_TEAM = 9E22QU7D5A;
				GENERATE_INFOPLIST_FILE = YES;
				MARKETING_VERSION = 1.0;
				PRODUCT_BUNDLE_IDENTIFIER = "com.jesseditson.Archival-EditorUITests";
				PRODUCT_NAME = "$(TARGET_NAME)";
				SWIFT_EMIT_LOC_STRINGS = NO;
				SWIFT_VERSION = 5.0;
				TARGETED_DEVICE_FAMILY = "1,2";
				TEST_TARGET_NAME = "Archival Editor";
			};
			name = Debug;
		};
		F3836A3C27BC25D40078C4CF /* Release */ = {
			isa = XCBuildConfiguration;
			buildSettings = {
				ALWAYS_EMBED_SWIFT_STANDARD_LIBRARIES = YES;
				CODE_SIGN_STYLE = Automatic;
				CURRENT_PROJECT_VERSION = 1;
				DEVELOPMENT_TEAM = 9E22QU7D5A;
				GENERATE_INFOPLIST_FILE = YES;
				MARKETING_VERSION = 1.0;
				PRODUCT_BUNDLE_IDENTIFIER = "com.jesseditson.Archival-EditorUITests";
				PRODUCT_NAME = "$(TARGET_NAME)";
				SWIFT_EMIT_LOC_STRINGS = NO;
				SWIFT_VERSION = 5.0;
				TARGETED_DEVICE_FAMILY = "1,2";
				TEST_TARGET_NAME = "Archival Editor";
			};
			name = Release;
		};
/* End XCBuildConfiguration section */

/* Begin XCConfigurationList section */
		F3836A0627BC25D00078C4CF /* Build configuration list for PBXProject "Archival Editor" */ = {
			isa = XCConfigurationList;
			buildConfigurations = (
				F3836A3227BC25D40078C4CF /* Debug */,
				F3836A3327BC25D40078C4CF /* Release */,
			);
			defaultConfigurationIsVisible = 0;
			defaultConfigurationName = Release;
		};
		F3836A3427BC25D40078C4CF /* Build configuration list for PBXNativeTarget "Archival Editor" */ = {
			isa = XCConfigurationList;
			buildConfigurations = (
				F3836A3527BC25D40078C4CF /* Debug */,
				F3836A3627BC25D40078C4CF /* Release */,
			);
			defaultConfigurationIsVisible = 0;
			defaultConfigurationName = Release;
		};
		F3836A3727BC25D40078C4CF /* Build configuration list for PBXNativeTarget "Archival EditorTests" */ = {
			isa = XCConfigurationList;
			buildConfigurations = (
				F3836A3827BC25D40078C4CF /* Debug */,
				F3836A3927BC25D40078C4CF /* Release */,
			);
			defaultConfigurationIsVisible = 0;
			defaultConfigurationName = Release;
		};
		F3836A3A27BC25D40078C4CF /* Build configuration list for PBXNativeTarget "Archival EditorUITests" */ = {
			isa = XCConfigurationList;
			buildConfigurations = (
				F3836A3B27BC25D40078C4CF /* Debug */,
				F3836A3C27BC25D40078C4CF /* Release */,
			);
			defaultConfigurationIsVisible = 0;
			defaultConfigurationName = Release;
		};
/* End XCConfigurationList section */

/* Begin XCRemoteSwiftPackageReference section */
		F39EC18727BC731F001AD7B9 /* XCRemoteSwiftPackageReference "SwiftGit2" */ = {
			isa = XCRemoteSwiftPackageReference;
			repositoryURL = "https://github.com/light-tech/SwiftGit2";
			requirement = {
				branch = spm;
				kind = branch;
			};
		};
		F3B3937427BC2CEE003C1BB6 /* XCRemoteSwiftPackageReference "TOMLKit" */ = {
			isa = XCRemoteSwiftPackageReference;
			repositoryURL = "https://github.com/LebJe/TOMLKit.git";
			requirement = {
				kind = upToNextMajorVersion;
				minimumVersion = 0.5.0;
			};
		};
		F3B3937727BC31F2003C1BB6 /* XCRemoteSwiftPackageReference "Clibgit2" */ = {
			isa = XCRemoteSwiftPackageReference;
			repositoryURL = "https://github.com/light-tech/Clibgit2.git";
			requirement = {
				branch = master;
				kind = branch;
			};
		};
/* End XCRemoteSwiftPackageReference section */

/* Begin XCSwiftPackageProductDependency section */
		F39EC18827BC731F001AD7B9 /* SwiftGit2 */ = {
			isa = XCSwiftPackageProductDependency;
			package = F39EC18727BC731F001AD7B9 /* XCRemoteSwiftPackageReference "SwiftGit2" */;
			productName = SwiftGit2;
		};
/* End XCSwiftPackageProductDependency section */

/* Begin XCVersionGroup section */
		F3836A1927BC25D30078C4CF /* Archival_Editor.xcdatamodeld */ = {
			isa = XCVersionGroup;
			children = (
				F3836A1A27BC25D30078C4CF /* Archival_Editor.xcdatamodel */,
			);
			currentVersion = F3836A1A27BC25D30078C4CF /* Archival_Editor.xcdatamodel */;
			path = Archival_Editor.xcdatamodeld;
			sourceTree = "<group>";
			versionGroupType = wrapper.xcdatamodel;
		};
/* End XCVersionGroup section */
	};
	rootObject = F3836A0327BC25D00078C4CF /* Project object */;
}
